
Microsoft Visual Studio Solution File, Format Version 12.00
# Visual Studio Version 16
VisualStudioVersion = 16.0.29009.5
MinimumVisualStudioVersion = 10.0.40219.1
Project("{9A19103F-16F7-4668-BE54-9A1E7A4F7556}") = "Challenges", "Challenges\Challenges.csproj", "{31812617-708D-48FD-B2AB-4650DCC417FA}"
EndProject
Project("{FAE04EC0-301F-11D3-BF4B-00C04F79EFBC}") = "Tests", "Tests\Tests.csproj", "{D796E192-061E-422B-9BCF-D1B4A74A1110}"
EndProject
Global
	GlobalSection(SolutionConfigurationPlatforms) = preSolution
		Debug|Any CPU = Debug|Any CPU
		Release|Any CPU = Release|Any CPU
	EndGlobalSection
	GlobalSection(ProjectConfigurationPlatforms) = postSolution
		{31812617-708D-48FD-B2AB-4650DCC417FA}.Debug|Any CPU.ActiveCfg = Debug|Any CPU
		{31812617-708D-48FD-B2AB-4650DCC417FA}.Debug|Any CPU.Build.0 = Debug|Any CPU
		{31812617-708D-48FD-B2AB-4650DCC417FA}.Release|Any CPU.ActiveCfg = Release|Any CPU
		{31812617-708D-48FD-B2AB-4650DCC417FA}.Release|Any CPU.Build.0 = Release|Any CPU
		{D796E192-061E-422B-9BCF-D1B4A74A1110}.Debug|Any CPU.ActiveCfg = Debug|Any CPU
		{D796E192-061E-422B-9BCF-D1B4A74A1110}.Debug|Any CPU.Build.0 = Debug|Any CPU
		{D796E192-061E-422B-9BCF-D1B4A74A1110}.Release|Any CPU.ActiveCfg = Release|Any CPU
		{D796E192-061E-422B-9BCF-D1B4A74A1110}.Release|Any CPU.Build.0 = Release|Any CPU
	EndGlobalSection
	GlobalSection(SolutionProperties) = preSolution
		HideSolutionNode = FALSE
	EndGlobalSection
	GlobalSection(ExtensibilityGlobals) = postSolution
		SolutionGuid = {3B2E64F5-CC59-4188-ADD9-30810041733A}
	EndGlobalSection
EndGlobal
